PODS:
  - Gizou (0.1.3)
  - MagicalRecord (2.2):
    - MagicalRecord/Core (= 2.2)
  - MagicalRecord/Core (2.2)

DEPENDENCIES:
  - Gizou (from `https://github.com/smyrgl/Gizou.git`)
  - MagicalRecord

EXTERNAL SOURCES:
  Gizou:
    :git: https://github.com/smyrgl/Gizou.git

CHECKOUT OPTIONS:
  Gizou:
    :commit: 09d10c2c49bfe52a714d5b182799d27cc79bbcbe
    :git: https://github.com/smyrgl/Gizou.git

SPEC CHECKSUMS:
  Gizou: 5d17a448abd3f2b7ce5002f28073cdc717dc76c3
  MagicalRecord: 2dc87179ae7c1f2a274442624ec65a07d4357a6f

PODFILE CHECKSUM: a8bf7158851c7d4952a122893aefe8fb2705eb03

COCOAPODS: 1.2.0
